
Microsoft Visual Studio Solution File, Format Version 12.00
# Visual Studio Version 16
VisualStudioVersion = 16.0.30517.126
MinimumVisualStudioVersion = 10.0.40219.1
Project("{FAE04EC0-301F-11D3-BF4B-00C04F79EFBC}") = "FeatureHack", "FeatureHack\FeatureHack.csproj", "{47C15028-5326-4B7D-8AE0-F95AFBA40441}"
EndProject
Global
	GlobalSection(SolutionConfigurationPlatforms) = preSolution
		Debug|Any CPU = Debug|Any CPU
		Release|Any CPU = Release|Any CPU
	EndGlobalSection
	GlobalSection(ProjectConfigurationPlatforms) = postSolution
		{47C15028-5326-4B7D-8AE0-F95AFBA40441}.Debug|Any CPU.ActiveCfg = Debug|Any CPU
		{47C15028-5326-4B7D-8AE0-F95AFBA40441}.Debug|Any CPU.Build.0 = Debug|Any CPU
		{47C15028-5326-4B7D-8AE0-F95AFBA40441}.Release|Any CPU.ActiveCfg = Release|Any CPU
		{47C15028-5326-4B7D-8AE0-F95AFBA40441}.Release|Any CPU.Build.0 = Release|Any CPU
	EndGlobalSection
	GlobalSection(SolutionProperties) = preSolution
		HideSolutionNode = FALSE
	EndGlobalSection
	GlobalSection(ExtensibilityGlobals) = postSolution
		SolutionGuid = {5CC59285-A5A8-47FD-B121-3523E6556288}
	EndGlobalSection
EndGlobal
